
Microsoft Visual Studio Solution File, Format Version 12.00
# Visual Studio Version 16
VisualStudioVersion = 16.0.31313.79
MinimumVisualStudioVersion = 10.0.40219.1
Project("{FAE04EC0-301F-11D3-BF4B-00C04F79EFBC}") = "MathCore.Logging", "MathCore.Logging\MathCore.Logging.csproj", "{5DC85EDB-A91B-4FB0-915D-211C63DE7F73}"
EndProject
Project("{2150E333-8FDC-42A3-9474-1A3956D46DE8}") = "Tests", "Tests", "{D90B43AA-61E1-4246-AC54-32E6108D101C}"
EndProject
Project("{FAE04EC0-301F-11D3-BF4B-00C04F79EFBC}") = "ConsoleTest", "Tests\ConsoleTest\ConsoleTest.csproj", "{877BA82C-6790-4A32-9648-C84579B59F1C}"
EndProject
Global
	GlobalSection(SolutionConfigurationPlatforms) = preSolution
		Debug|Any CPU = Debug|Any CPU
		Release|Any CPU = Release|Any CPU
	EndGlobalSection
	GlobalSection(ProjectConfigurationPlatforms) = postSolution
		{5DC85EDB-A91B-4FB0-915D-211C63DE7F73}.Debug|Any CPU.ActiveCfg = Debug|Any CPU
		{5DC85EDB-A91B-4FB0-915D-211C63DE7F73}.Debug|Any CPU.Build.0 = Debug|Any CPU
		{5DC85EDB-A91B-4FB0-915D-211C63DE7F73}.Release|Any CPU.ActiveCfg = Release|Any CPU
		{5DC85EDB-A91B-4FB0-915D-211C63DE7F73}.Release|Any CPU.Build.0 = Release|Any CPU
		{877BA82C-6790-4A32-9648-C84579B59F1C}.Debug|Any CPU.ActiveCfg = Debug|Any CPU
		{877BA82C-6790-4A32-9648-C84579B59F1C}.Debug|Any CPU.Build.0 = Debug|Any CPU
		{877BA82C-6790-4A32-9648-C84579B59F1C}.Release|Any CPU.ActiveCfg = Release|Any CPU
		{877BA82C-6790-4A32-9648-C84579B59F1C}.Release|Any CPU.Build.0 = Release|Any CPU
	EndGlobalSection
	GlobalSection(SolutionProperties) = preSolution
		HideSolutionNode = FALSE
	EndGlobalSection
	GlobalSection(ExtensibilityGlobals) = postSolution
		SolutionGuid = {1B3CFDC8-0011-4507-A765-6A7DD8033C9A}
	EndGlobalSection
	GlobalSection(NestedProjects) = preSolution
		{877BA82C-6790-4A32-9648-C84579B59F1C} = {D90B43AA-61E1-4246-AC54-32E6108D101C}
	EndGlobalSection
EndGlobal
